
Microsoft Visual Studio Solution File, Format Version 12.00
# Visual Studio Version 16
VisualStudioVersion = 16.0.31702.278
MinimumVisualStudioVersion = 10.0.40219.1
Project("{FAE04EC0-301F-11D3-BF4B-00C04F79EFBC}") = "ConsoleTemplate", "ConsoleTemplate\ConsoleTemplate.csproj", "{F6385A83-611A-426A-9441-9BC643F2ABEB}"
EndProject
Global
	GlobalSection(SolutionConfigurationPlatforms) = preSolution
		Debug|Any CPU = Debug|Any CPU
		Release|Any CPU = Release|Any CPU
	EndGlobalSection
	GlobalSection(ProjectConfigurationPlatforms) = postSolution
		{F6385A83-611A-426A-9441-9BC643F2ABEB}.Debug|Any CPU.ActiveCfg = Debug|Any CPU
		{F6385A83-611A-426A-9441-9BC643F2ABEB}.Debug|Any CPU.Build.0 = Debug|Any CPU
		{F6385A83-611A-426A-9441-9BC643F2ABEB}.Release|Any CPU.ActiveCfg = Release|Any CPU
		{F6385A83-611A-426A-9441-9BC643F2ABEB}.Release|Any CPU.Build.0 = Release|Any CPU
	EndGlobalSection
	GlobalSection(SolutionProperties) = preSolution
		HideSolutionNode = FALSE
	EndGlobalSection
	GlobalSection(ExtensibilityGlobals) = postSolution
		SolutionGuid = {8DF40D27-BCE0-4046-A9B9-66E3DDF12A9D}
	EndGlobalSection
EndGlobal
